
Microsoft Visual Studio Solution File, Format Version 12.00
# Visual Studio Version 17
VisualStudioVersion = 17.5.33502.453
MinimumVisualStudioVersion = 10.0.40219.1
Project("{9A19103F-16F7-4668-BE54-9A1E7A4F7556}") = "TCC-PUC-Tech-Barbershop.Admin", "TCC-PUC-Tech-Barbershop.Admin\TCC-PUC-Tech-Barbershop.Admin.csproj", "{0834C0A9-3D59-4702-926E-6ECC1F9B748C}"
EndProject
Project("{2150E333-8FDC-42A3-9474-1A3956D46DE8}") = "src", "src", "{0DA6D58C-7AF4-4579-9EAE-DF2272DBF518}"
EndProject
Project("{2150E333-8FDC-42A3-9474-1A3956D46DE8}") = "tests", "tests", "{3602F71D-2254-40A5-8268-057EEBB56874}"
EndProject
Project("{2150E333-8FDC-42A3-9474-1A3956D46DE8}") = "01-UI", "01-UI", "{F51B1E06-931D-48DD-B1F5-007551580E02}"
EndProject
Project("{2150E333-8FDC-42A3-9474-1A3956D46DE8}") = "02-Domain", "02-Domain", "{7B959FD9-9C56-4C32-942B-78CF8F54298C}"
EndProject
Project("{FAE04EC0-301F-11D3-BF4B-00C04F79EFBC}") = "TCC-PUC-Tech-Barbershop.Domain", "TCC-PUC-Tech-Barbershop.Domain\TCC-PUC-Tech-Barbershop.Domain.csproj", "{28EF0B1B-32F9-4DE0-B195-74B23684D041}"
EndProject
Global
	GlobalSection(SolutionConfigurationPlatforms) = preSolution
		Debug|Any CPU = Debug|Any CPU
		Release|Any CPU = Release|Any CPU
	EndGlobalSection
	GlobalSection(ProjectConfigurationPlatforms) = postSolution
		{0834C0A9-3D59-4702-926E-6ECC1F9B748C}.Debug|Any CPU.ActiveCfg = Debug|Any CPU
		{0834C0A9-3D59-4702-926E-6ECC1F9B748C}.Debug|Any CPU.Build.0 = Debug|Any CPU
		{0834C0A9-3D59-4702-926E-6ECC1F9B748C}.Release|Any CPU.ActiveCfg = Release|Any CPU
		{0834C0A9-3D59-4702-926E-6ECC1F9B748C}.Release|Any CPU.Build.0 = Release|Any CPU
		{28EF0B1B-32F9-4DE0-B195-74B23684D041}.Debug|Any CPU.ActiveCfg = Debug|Any CPU
		{28EF0B1B-32F9-4DE0-B195-74B23684D041}.Debug|Any CPU.Build.0 = Debug|Any CPU
		{28EF0B1B-32F9-4DE0-B195-74B23684D041}.Release|Any CPU.ActiveCfg = Release|Any CPU
		{28EF0B1B-32F9-4DE0-B195-74B23684D041}.Release|Any CPU.Build.0 = Release|Any CPU
	EndGlobalSection
	GlobalSection(SolutionProperties) = preSolution
		HideSolutionNode = FALSE
	EndGlobalSection
	GlobalSection(NestedProjects) = preSolution
		{0834C0A9-3D59-4702-926E-6ECC1F9B748C} = {F51B1E06-931D-48DD-B1F5-007551580E02}
		{F51B1E06-931D-48DD-B1F5-007551580E02} = {0DA6D58C-7AF4-4579-9EAE-DF2272DBF518}
		{7B959FD9-9C56-4C32-942B-78CF8F54298C} = {0DA6D58C-7AF4-4579-9EAE-DF2272DBF518}
		{28EF0B1B-32F9-4DE0-B195-74B23684D041} = {7B959FD9-9C56-4C32-942B-78CF8F54298C}
	EndGlobalSection
	GlobalSection(ExtensibilityGlobals) = postSolution
		SolutionGuid = {626F2970-B741-40B9-8E40-FB9F3D1BD412}
	EndGlobalSection
EndGlobal
